{
  "object": {
    "pins": [
      {
        "package": "KalendarView",
        "repositoryURL": "https://github.com/florin-pop/KalendarView",
        "state": {
          "branch": "master",
          "revision": "2f1139703d8a1129eb294d6d602ae1ee4bf2db73",
          "version": null
        }
      }
    ]
  },
  "version": 1
}
